# This file is generated by running "yarn install" inside your project.
# Manual changes might be lost - proceed with caution!

__metadata:
  version: 6
  cacheKey: 8

"depending@workspace:.":
  version: 0.0.0-use.local
  resolution: "depending@workspace:."
  dependencies:
    is-odd: ^2.0.0
  languageName: unknown
  linkType: soft

"is-number@npm:^4.0.0":
  version: 4.0.0
  resolution: "is-number@npm:4.0.0"
  checksum: e71962a5ae97400211e6be5946eff2b81d3fa85154dad498bfe2704999e63ac6b3f8591fdb7971a121122cc6e25915c2cfe882ff7b77e243d51b92ca6961267e
  languageName: node
  linkType: hard

"is-odd@npm:^2.0.0":
  version: 2.0.0
  resolution: "is-odd@npm:2.0.0"
  dependencies:
    is-number: ^4.0.0
  checksum: 89da9e6dba221361d8af5384f26a49575610e1910118538cfbcc2c0469aa2cf7b695a2e85fb4bcbe7521480bd727c234c9b5397f24554cd96cd5c1e7a7ae5143
  languageName: node
  linkType: hard
